Microsoft Visual Studio Solution File, Format Version 12.00
# Visual Studio Version 17
VisualStudioVersion = 17.5.2.0
MinimumVisualStudioVersion = 10.0.40219.1
Project("{FAE04EC0-301F-11D3-BF4B-00C04F79EFBC}") = "csapi", "csapi.csproj", "{52BFFFD8-2994-82EF-37A8-5E6F7286921D}"
EndProject
Global
	GlobalSection(SolutionConfigurationPlatforms) = preSolution
		Debug|Any CPU = Debug|Any CPU
		Release|Any CPU = Release|Any CPU
	EndGlobalSection
	GlobalSection(ProjectConfigurationPlatforms) = postSolution
		{52BFFFD8-2994-82EF-37A8-5E6F7286921D}.Debug|Any CPU.ActiveCfg = Debug|Any CPU
		{52BFFFD8-2994-82EF-37A8-5E6F7286921D}.Debug|Any CPU.Build.0 = Debug|Any CPU
		{52BFFFD8-2994-82EF-37A8-5E6F7286921D}.Release|Any CPU.ActiveCfg = Release|Any CPU
		{52BFFFD8-2994-82EF-37A8-5E6F7286921D}.Release|Any CPU.Build.0 = Release|Any CPU
	EndGlobalSection
	GlobalSection(SolutionProperties) = preSolution
		HideSolutionNode = FALSE
	EndGlobalSection
	GlobalSection(ExtensibilityGlobals) = postSolution
		SolutionGuid = {1461A614-0F73-4421-B51A-CABD8AD8B099}
	EndGlobalSection
EndGlobal
